schema_version: evidence_pipeline_freeze_v1
release_id: netanyahu-2023-pilot-v2.3
base_config: configs/evidence-funnel/netanyahu-2023-pilot-v2.yaml
frozen_at: '2026-08-06'
status: frozen_for_pilot
source_commit: a314c49c49643cf97b4de7be5ed0f32c114b12ce
aggregate_hashes:
  research_and_cli_python: 66b0057933782d66520d0a6db58432405c89eeea0b2bbfdce22b2d97ffa1ad52
  chapter_guides: b266a52d475779128b2392b1d470571aba9ac59f01e8708d039d5e5dc016f699
recovery_equivalence:
  reusable_stages:
    - local_evidence
    - reconnaissance
    - source_discovery
    - chapter_research
    - evidence_review
    - research_continuations
    - formatter_model_output
  rerun_from: deterministic_formatter_validation
  rationale: >-
    The v2.2 deduplicator was applied to the adjacent manifest file, while formatter
    accounting reads the hash-bound embedded manifest. Version 2.3 applies the same
    tested normalization at that actual consumer boundary; no model output changes.
change_control: >-
  Any further behavior change creates another release and records stage equivalence.
